Microsoft Visual Studio Solution File, Format Version 12.00
# Visual Studio 15
VisualStudioVersion = 15.0.26430.4
MinimumVisualStudioVersion = 10.0.40219.1
Project("{9A19103F-16F7-4668-BE54-9A1E7A4F7556}") = "2.0", "src\2.0.csproj", "{36785BDF-614D-4238-93F6-79B2B9A60340}"
EndProject
Project("{9A19103F-16F7-4668-BE54-9A1E7A4F7556}") = "tests", "tests\tests.csproj", "{4A2F26B4-92DC-4ECA-B2BF-C0A5EA582A97}"
EndProject
Global
	GlobalSection(SolutionConfigurationPlatforms) = preSolution
		Debug|Any CPU = Debug|Any CPU
		Debug|x64 = Debug|x64
		Debug|x86 = Debug|x86
		Release|Any CPU = Release|Any CPU
		Release|x64 = Release|x64
		Release|x86 = Release|x86
	EndGlobalSection
	GlobalSection(ProjectConfigurationPlatforms) = postSolution
		{36785BDF-614D-4238-93F6-79B2B9A60340}.Debug|Any CPU.ActiveCfg = Debug|Any CPU
		{36785BDF-614D-4238-93F6-79B2B9A60340}.Debug|Any CPU.Build.0 = Debug|Any CPU
		{36785BDF-614D-4238-93F6-79B2B9A60340}.Debug|x64.ActiveCfg = Debug|Any CPU
		{36785BDF-614D-4238-93F6-79B2B9A60340}.Debug|x64.Build.0 = Debug|Any CPU
		{36785BDF-614D-4238-93F6-79B2B9A60340}.Debug|x86.ActiveCfg = Debug|Any CPU
		{36785BDF-614D-4238-93F6-79B2B9A60340}.Debug|x86.Build.0 = Debug|Any CPU
		{36785BDF-614D-4238-93F6-79B2B9A60340}.Release|Any CPU.ActiveCfg = Release|Any CPU
		{36785BDF-614D-4238-93F6-79B2B9A60340}.Release|Any CPU.Build.0 = Release|Any CPU
		{36785BDF-614D-4238-93F6-79B2B9A60340}.Release|x64.ActiveCfg = Release|Any CPU
		{36785BDF-614D-4238-93F6-79B2B9A60340}.Release|x64.Build.0 = Release|Any CPU
		{36785BDF-614D-4238-93F6-79B2B9A60340}.Release|x86.ActiveCfg = Release|Any CPU
		{36785BDF-614D-4238-93F6-79B2B9A60340}.Release|x86.Build.0 = Release|Any CPU
		{4A2F26B4-92DC-4ECA-B2BF-C0A5EA582A97}.Debug|Any CPU.ActiveCfg = Debug|Any CPU
		{4A2F26B4-92DC-4ECA-B2BF-C0A5EA582A97}.Debug|Any CPU.Build.0 = Debug|Any CPU
		{4A2F26B4-92DC-4ECA-B2BF-C0A5EA582A97}.Debug|x64.ActiveCfg = Debug|Any CPU
		{4A2F26B4-92DC-4ECA-B2BF-C0A5EA582A97}.Debug|x64.Build.0 = Debug|Any CPU
		{4A2F26B4-92DC-4ECA-B2BF-C0A5EA582A97}.Debug|x86.ActiveCfg = Debug|Any CPU
		{4A2F26B4-92DC-4ECA-B2BF-C0A5EA582A97}.Debug|x86.Build.0 = Debug|Any CPU
		{4A2F26B4-92DC-4ECA-B2BF-C0A5EA582A97}.Release|Any CPU.ActiveCfg = Release|Any CPU
		{4A2F26B4-92DC-4ECA-B2BF-C0A5EA582A97}.Release|Any CPU.Build.0 = Release|Any CPU
		{4A2F26B4-92DC-4ECA-B2BF-C0A5EA582A97}.Release|x64.ActiveCfg = Release|Any CPU
		{4A2F26B4-92DC-4ECA-B2BF-C0A5EA582A97}.Release|x64.Build.0 = Release|Any CPU
		{4A2F26B4-92DC-4ECA-B2BF-C0A5EA582A97}.Release|x86.ActiveCfg = Release|Any CPU
		{4A2F26B4-92DC-4ECA-B2BF-C0A5EA582A97}.Release|x86.Build.0 = Release|Any CPU
	EndGlobalSection
	GlobalSection(SolutionProperties) = preSolution
		HideSolutionNode = FALSE
	EndGlobalSection
EndGlobal
